{
  "name": "Course--Hardcore-Functional-Architecture-Patterns-JavaScript",
  "lockfileVersion": 2,
  "requires": true,
  "packages": {
    "": {
      "dependencies": {
        "immutable-ext": "^1.1.5",
        "ramda": "^0.27.1"
      }
    },
    "node_modules/immutable": {
      "version": "4.0.0-rc.12",
      "resolved": "https://registry.npmjs.org/immutable/-/immutable-4.0.0-rc.12.tgz",
      "integrity": "sha512-0M2XxkZLx/mi3t8NVwIm1g8nHoEmM9p9UBl/G9k4+hm0kBgOVdMV/B3CY5dQ8qG8qc80NN4gDV4HQv6FTJ5q7A==",
      "peer": true
    },
    "node_modules/immutable-ext": {
      "version": "1.1.5",
      "resolved": "https://registry.npmjs.org/immutable-ext/-/immutable-ext-1.1.5.tgz",
      "integrity": "sha1-PN8noGdSfIWBe/FhoNrRNh7Vecs=",
      "engines": {
        "node": ">=6.2.0"
      },
      "peerDependencies": {
        "immutable": "*"
      }
    },
    "node_modules/ramda": {
      "version": "0.27.1",
      "resolved": "https://registry.npmjs.org/ramda/-/ramda-0.27.1.tgz",
      "integrity": "sha512-PgIdVpn5y5Yns8vqb8FzBUEYn98V3xcPgawAkkgj0YJ0qDsnHCiNmZYfOGMgOvoB0eWFLpYbhxUR3mxfDIMvpw=="
    }
  },
  "dependencies": {
    "immutable": {
      "version": "4.0.0-rc.12",
      "resolved": "https://registry.npmjs.org/immutable/-/immutable-4.0.0-rc.12.tgz",
      "integrity": "sha512-0M2XxkZLx/mi3t8NVwIm1g8nHoEmM9p9UBl/G9k4+hm0kBgOVdMV/B3CY5dQ8qG8qc80NN4gDV4HQv6FTJ5q7A==",
      "peer": true
    },
    "immutable-ext": {
      "version": "1.1.5",
      "resolved": "https://registry.npmjs.org/immutable-ext/-/immutable-ext-1.1.5.tgz",
      "integrity": "sha1-PN8noGdSfIWBe/FhoNrRNh7Vecs=",
      "requires": {}
    },
    "ramda": {
      "version": "0.27.1",
      "resolved": "https://registry.npmjs.org/ramda/-/ramda-0.27.1.tgz",
      "integrity": "sha512-PgIdVpn5y5Yns8vqb8FzBUEYn98V3xcPgawAkkgj0YJ0qDsnHCiNmZYfOGMgOvoB0eWFLpYbhxUR3mxfDIMvpw=="
    }
  }
}
